// !$*UTF8*$!
{
	archiveVersion = 1;
	classes = {
	};
	objectVersion = 46;
	objects = {

/* Begin PBXBuildFile section */
		D42CB35D1B2538DE00FD0AE2 /* libRNRecorder.a in Frameworks */ = {isa = PBXBuildFile; fileRef = D42CB3511B2538DE00FD0AE2 /* libRNRecorder.a */; };
		D42CB36D1B25394600FD0AE2 /* RNRecorderManager.m in Sources */ = {isa = PBXBuildFile; fileRef = D42CB36C1B25394600FD0AE2 /* RNRecorderManager.m */; };
		D42CB3701B253C0B00FD0AE2 /* RNRecorder.m in Sources */ = {isa = PBXBuildFile; fileRef = D42CB36F1B253C0B00FD0AE2 /* RNRecorder.m */; };
		D42CB5351B25DABE00FD0AE2 /* libSCRecorder.a in Frameworks */ = {isa = PBXBuildFile; fileRef = D42CB5191B25D11A00FD0AE2 /* libSCRecorder.a */; };
/* End PBXBuildFile section */

/* Begin PBXContainerItemProxy section */
		D42CB35E1B2538DE00FD0AE2 /* PBXContainerItemProxy */ = {
			isa = PBXContainerItemProxy;
			containerPortal = D42CB3491B2538DE00FD0AE2 /* Project object */;
			proxyType = 1;
			remoteGlobalIDString = D42CB3501B2538DE00FD0AE2;
			remoteInfo = "react-native-recorder";
		};
		D42CB5181B25D11A00FD0AE2 /* PBXContainerItemProxy */ = {
			isa = PBXContainerItemProxy;
			containerPortal = D42CB5121B25D11A00FD0AE2 /* SCRecorder.xcodeproj */;
			proxyType = 2;
			remoteGlobalIDString = DC23FE1117B4200700389EDA;
			remoteInfo = SCRecorder;
		};
		D42CB51A1B25D11A00FD0AE2 /* PBXContainerItemProxy */ = {
			isa = PBXContainerItemProxy;
			containerPortal = D42CB5121B25D11A00FD0AE2 /* SCRecorder.xcodeproj */;
			proxyType = 2;
			remoteGlobalIDString = DCA8EF50192BD1C200839BE2;
			remoteInfo = SCRecorderMac;
		};
		D42CB51C1B25D11A00FD0AE2 /* PBXContainerItemProxy */ = {
			isa = PBXContainerItemProxy;
			containerPortal = D42CB5121B25D11A00FD0AE2 /* SCRecorder.xcodeproj */;
			proxyType = 2;
			remoteGlobalIDString = DCDC1DF31AC79592001DC3D9;
			remoteInfo = SCRecorderFramework;
		};
/* End PBXContainerItemProxy section */

/* Begin PBXCopyFilesBuildPhase section */
		D42CB34F1B2538DE00FD0AE2 /* CopyFiles */ = {
			isa = PBXCopyFilesBuildPhase;
			buildActionMask = 2147483647;
			dstPath = "include/$(PRODUCT_NAME)";
			dstSubfolderSpec = 16;
			files = (
			);
			runOnlyForDeploymentPostprocessing = 0;
		};
/* End PBXCopyFilesBuildPhase section */

/* Begin PBXFileReference section */
		D42CB3511B2538DE00FD0AE2 /* libRNRecorder.a */ = {isa = PBXFileReference; explicitFileType = archive.ar; includeInIndex = 0; path = libRNRecorder.a; sourceTree = BUILT_PRODUCTS_DIR; };
		D42CB35C1B2538DE00FD0AE2 /* RNRecorderTests.xctest */ = {isa = PBXFileReference; explicitFileType = wrapper.cfbundle; includeInIndex = 0; path = RNRecorderTests.xctest; sourceTree = BUILT_PRODUCTS_DIR; };
		D42CB36B1B25392F00FD0AE2 /* RNRecorderManager.h */ = {isa = PBXFileReference; fileEncoding = 4; lastKnownFileType = sourcecode.c.h; path = RNRecorderManager.h; sourceTree = "<group>"; };
		D42CB36C1B25394600FD0AE2 /* RNRecorderManager.m */ = {isa = PBXFileReference; fileEncoding = 4; lastKnownFileType = sourcecode.c.objc; path = RNRecorderManager.m; sourceTree = "<group>"; };
		D42CB36E1B253BBD00FD0AE2 /* RNRecorder.h */ = {isa = PBXFileReference; lastKnownFileType = sourcecode.c.h; path = RNRecorder.h; sourceTree = "<group>"; };
		D42CB36F1B253C0B00FD0AE2 /* RNRecorder.m */ = {isa = PBXFileReference; fileEncoding = 4; indentWidth = 3; lastKnownFileType = sourcecode.c.objc; path = RNRecorder.m; sourceTree = "<group>"; tabWidth = 3; };
		D42CB5121B25D11A00FD0AE2 /* SCRecorder.xcodeproj */ = {isa = PBXFileReference; lastKnownFileType = "wrapper.pb-project"; name = SCRecorder.xcodeproj; path = Libraries/SCRecorder.xcodeproj; sourceTree = "<group>"; };
/* End PBXFileReference section */

/* Begin PBXFrameworksBuildPhase section */
		D42CB34E1B2538DE00FD0AE2 /* Frameworks */ = {
			isa = PBXFrameworksBuildPhase;
			buildActionMask = 2147483647;
			files = (
				D42CB5351B25DABE00FD0AE2 /* libSCRecorder.a in Frameworks */,
			);
			runOnlyForDeploymentPostprocessing = 0;
		};
		D42CB3591B2538DE00FD0AE2 /* Frameworks */ = {
			isa = PBXFrameworksBuildPhase;
			buildActionMask = 2147483647;
			files = (
				D42CB35D1B2538DE00FD0AE2 /* libRNRecorder.a in Frameworks */,
			);
			runOnlyForDeploymentPostprocessing = 0;
		};
/* End PBXFrameworksBuildPhase section */

/* Begin PBXGroup section */
		D42CB3481B2538DE00FD0AE2 = {
			isa = PBXGroup;
			children = (
				D42CB36F1B253C0B00FD0AE2 /* RNRecorder.m */,
				D42CB36E1B253BBD00FD0AE2 /* RNRecorder.h */,
				D42CB36C1B25394600FD0AE2 /* RNRecorderManager.m */,
				D42CB36B1B25392F00FD0AE2 /* RNRecorderManager.h */,
				D42CB3521B2538DE00FD0AE2 /* Products */,
				D42CB5111B25D0FF00FD0AE2 /* Libraries */,
			);
			sourceTree = "<group>";
		};
		D42CB3521B2538DE00FD0AE2 /* Products */ = {
			isa = PBXGroup;
			children = (
				D42CB3511B2538DE00FD0AE2 /* libRNRecorder.a */,
				D42CB35C1B2538DE00FD0AE2 /* RNRecorderTests.xctest */,
			);
			name = Products;
			sourceTree = "<group>";
		};
		D42CB5111B25D0FF00FD0AE2 /* Libraries */ = {
			isa = PBXGroup;
			children = (
				D42CB5121B25D11A00FD0AE2 /* SCRecorder.xcodeproj */,
			);
			name = Libraries;
			sourceTree = "<group>";
		};
		D42CB5131B25D11A00FD0AE2 /* Products */ = {
			isa = PBXGroup;
			children = (
				D42CB5191B25D11A00FD0AE2 /* libSCRecorder.a */,
				D42CB51B1B25D11A00FD0AE2 /* SCRecorderMac.framework */,
				D42CB51D1B25D11A00FD0AE2 /* SCRecorder.framework */,
			);
			name = Products;
			sourceTree = "<group>";
		};
/* End PBXGroup section */

/* Begin PBXNativeTarget section */
		D42CB3501B2538DE00FD0AE2 /* RNRecorder */ = {
			isa = PBXNativeTarget;
			buildConfigurationList = D42CB3651B2538DE00FD0AE2 /* Build configuration list for PBXNativeTarget "RNRecorder" */;
			buildPhases = (
				D42CB34D1B2538DE00FD0AE2 /* Sources */,
				D42CB34E1B2538DE00FD0AE2 /* Frameworks */,
				D42CB34F1B2538DE00FD0AE2 /* CopyFiles */,
			);
			buildRules = (
			);
			dependencies = (
			);
			name = RNRecorder;
			productName = "react-native-recorder";
			productReference = D42CB3511B2538DE00FD0AE2 /* libRNRecorder.a */;
			productType = "com.apple.product-type.library.static";
		};
		D42CB35B1B2538DE00FD0AE2 /* RNRecorderTests */ = {
			isa = PBXNativeTarget;
			buildConfigurationList = D42CB3681B2538DE00FD0AE2 /* Build configuration list for PBXNativeTarget "RNRecorderTests" */;
			buildPhases = (
				D42CB3581B2538DE00FD0AE2 /* Sources */,
				D42CB3591B2538DE00FD0AE2 /* Frameworks */,
				D42CB35A1B2538DE00FD0AE2 /* Resources */,
			);
			buildRules = (
			);
			dependencies = (
				D42CB35F1B2538DE00FD0AE2 /* PBXTargetDependency */,
			);
			name = RNRecorderTests;
			productName = "react-native-recorderTests";
			productReference = D42CB35C1B2538DE00FD0AE2 /* RNRecorderTests.xctest */;
			productType = "com.apple.product-type.bundle.unit-test";
		};
/* End PBXNativeTarget section */

/* Begin PBXProject section */
		D42CB3491B2538DE00FD0AE2 /* Project object */ = {
			isa = PBXProject;
			attributes = {
				LastUpgradeCheck = 0610;
				TargetAttributes = {
					D42CB3501B2538DE00FD0AE2 = {
						CreatedOnToolsVersion = 6.1.1;
					};
					D42CB35B1B2538DE00FD0AE2 = {
						CreatedOnToolsVersion = 6.1.1;
					};
				};
			};
			buildConfigurationList = D42CB34C1B2538DE00FD0AE2 /* Build configuration list for PBXProject "RNRecorder" */;
			compatibilityVersion = "Xcode 3.2";
			developmentRegion = English;
			hasScannedForEncodings = 0;
			knownRegions = (
				en,
			);
			mainGroup = D42CB3481B2538DE00FD0AE2;
			productRefGroup = D42CB3521B2538DE00FD0AE2 /* Products */;
			projectDirPath = "";
			projectReferences = (
				{
					ProductGroup = D42CB5131B25D11A00FD0AE2 /* Products */;
					ProjectRef = D42CB5121B25D11A00FD0AE2 /* SCRecorder.xcodeproj */;
				},
			);
			projectRoot = "";
			targets = (
				D42CB3501B2538DE00FD0AE2 /* RNRecorder */,
				D42CB35B1B2538DE00FD0AE2 /* RNRecorderTests */,
			);
		};
/* End PBXProject section */

/* Begin PBXReferenceProxy section */
		D42CB5191B25D11A00FD0AE2 /* libSCRecorder.a */ = {
			isa = PBXReferenceProxy;
			fileType = archive.ar;
			path = libSCRecorder.a;
			remoteRef = D42CB5181B25D11A00FD0AE2 /* PBXContainerItemProxy */;
			sourceTree = BUILT_PRODUCTS_DIR;
		};
		D42CB51B1B25D11A00FD0AE2 /* SCRecorderMac.framework */ = {
			isa = PBXReferenceProxy;
			fileType = wrapper.framework;
			path = SCRecorderMac.framework;
			remoteRef = D42CB51A1B25D11A00FD0AE2 /* PBXContainerItemProxy */;
			sourceTree = BUILT_PRODUCTS_DIR;
		};
		D42CB51D1B25D11A00FD0AE2 /* SCRecorder.framework */ = {
			isa = PBXReferenceProxy;
			fileType = wrapper.framework;
			path = SCRecorder.framework;
			remoteRef = D42CB51C1B25D11A00FD0AE2 /* PBXContainerItemProxy */;
			sourceTree = BUILT_PRODUCTS_DIR;
		};
/* End PBXReferenceProxy section */

/* Begin PBXResourcesBuildPhase section */
		D42CB35A1B2538DE00FD0AE2 /* Resources */ = {
			isa = PBXResourcesBuildPhase;
			buildActionMask = 2147483647;
			files = (
			);
			runOnlyForDeploymentPostprocessing = 0;
		};
/* End PBXResourcesBuildPhase section */

/* Begin PBXSourcesBuildPhase section */
		D42CB34D1B2538DE00FD0AE2 /* Sources */ = {
			isa = PBXSourcesBuildPhase;
			buildActionMask = 2147483647;
			files = (
				D42CB36D1B25394600FD0AE2 /* RNRecorderManager.m in Sources */,
				D42CB3701B253C0B00FD0AE2 /* RNRecorder.m in Sources */,
			);
			runOnlyForDeploymentPostprocessing = 0;
		};
		D42CB3581B2538DE00FD0AE2 /* Sources */ = {
			isa = PBXSourcesBuildPhase;
			buildActionMask = 2147483647;
			files = (
			);
			runOnlyForDeploymentPostprocessing = 0;
		};
/* End PBXSourcesBuildPhase section */

/* Begin PBXTargetDependency section */
		D42CB35F1B2538DE00FD0AE2 /* PBXTargetDependency */ = {
			isa = PBXTargetDependency;
			target = D42CB3501B2538DE00FD0AE2 /* RNRecorder */;
			targetProxy = D42CB35E1B2538DE00FD0AE2 /* PBXContainerItemProxy */;
		};
/* End PBXTargetDependency section */

/* Begin XCBuildConfiguration section */
		D42CB3631B2538DE00FD0AE2 /* Debug */ = {
			isa = XCBuildConfiguration;
			buildSettings = {
				ALWAYS_SEARCH_USER_PATHS = NO;
				CLANG_CXX_LANGUAGE_STANDARD = "gnu++0x";
				CLANG_CXX_LIBRARY = "libc++";
				CLANG_ENABLE_MODULES = YES;
				CLANG_ENABLE_OBJC_ARC = YES;
				CLANG_WARN_BOOL_CONVERSION = YES;
				CLANG_WARN_CONSTANT_CONVERSION = YES;
				CLANG_WARN_DIRECT_OBJC_ISA_USAGE = YES_ERROR;
				CLANG_WARN_EMPTY_BODY = YES;
				CLANG_WARN_ENUM_CONVERSION = YES;
				CLANG_WARN_INT_CONVERSION = YES;
				CLANG_WARN_OBJC_ROOT_CLASS = YES_ERROR;
				CLANG_WARN_UNREACHABLE_CODE = YES;
				CLANG_WARN__DUPLICATE_METHOD_MATCH = YES;
				COPY_PHASE_STRIP = NO;
				ENABLE_STRICT_OBJC_MSGSEND = YES;
				GCC_C_LANGUAGE_STANDARD = gnu99;
				GCC_DYNAMIC_NO_PIC = NO;
				GCC_OPTIMIZATION_LEVEL = 0;
				GCC_PREPROCESSOR_DEFINITIONS = (
					"DEBUG=1",
					"$(inherited)",
				);
				GCC_SYMBOLS_PRIVATE_EXTERN = NO;
				GCC_WARN_64_TO_32_BIT_CONVERSION = YES;
				GCC_WARN_ABOUT_RETURN_TYPE = YES_ERROR;
				GCC_WARN_UNDECLARED_SELECTOR = YES;
				GCC_WARN_UNINITIALIZED_AUTOS = YES_AGGRESSIVE;
				GCC_WARN_UNUSED_FUNCTION = YES;
				GCC_WARN_UNUSED_VARIABLE = YES;
				IPHONEOS_DEPLOYMENT_TARGET = 8.1;
				MTL_ENABLE_DEBUG_INFO = YES;
				ONLY_ACTIVE_ARCH = YES;
				SDKROOT = iphoneos;
			};
			name = Debug;
		};
		D42CB3641B2538DE00FD0AE2 /* Release */ = {
			isa = XCBuildConfiguration;
			buildSettings = {
				ALWAYS_SEARCH_USER_PATHS = NO;
				CLANG_CXX_LANGUAGE_STANDARD = "gnu++0x";
				CLANG_CXX_LIBRARY = "libc++";
				CLANG_ENABLE_MODULES = YES;
				CLANG_ENABLE_OBJC_ARC = YES;
				CLANG_WARN_BOOL_CONVERSION = YES;
				CLANG_WARN_CONSTANT_CONVERSION = YES;
				CLANG_WARN_DIRECT_OBJC_ISA_USAGE = YES_ERROR;
				CLANG_WARN_EMPTY_BODY = YES;
				CLANG_WARN_ENUM_CONVERSION = YES;
				CLANG_WARN_INT_CONVERSION = YES;
				CLANG_WARN_OBJC_ROOT_CLASS = YES_ERROR;
				CLANG_WARN_UNREACHABLE_CODE = YES;
				CLANG_WARN__DUPLICATE_METHOD_MATCH = YES;
				COPY_PHASE_STRIP = YES;
				ENABLE_NS_ASSERTIONS = NO;
				ENABLE_STRICT_OBJC_MSGSEND = YES;
				GCC_C_LANGUAGE_STANDARD = gnu99;
				GCC_WARN_64_TO_32_BIT_CONVERSION = YES;
				GCC_WARN_ABOUT_RETURN_TYPE = YES_ERROR;
				GCC_WARN_UNDECLARED_SELECTOR = YES;
				GCC_WARN_UNINITIALIZED_AUTOS = YES_AGGRESSIVE;
				GCC_WARN_UNUSED_FUNCTION = YES;
				GCC_WARN_UNUSED_VARIABLE = YES;
				IPHONEOS_DEPLOYMENT_TARGET = 8.1;
				MTL_ENABLE_DEBUG_INFO = NO;
				SDKROOT = iphoneos;
				VALIDATE_PRODUCT = YES;
			};
			name = Release;
		};
		D42CB3661B2538DE00FD0AE2 /* Debug */ = {
			isa = XCBuildConfiguration;
			buildSettings = {
				CODE_SIGN_IDENTITY = "iPhone Developer";
				HEADER_SEARCH_PATHS = (
					"$(inherited)",
					/Applications/Xcode.app/Contents/Developer/Toolchains/XcodeDefault.xctoolchain/usr/include,
					"$(SRCROOT)/../../react-native/React/**",
					"$(SRCROOT)/Libraries/**",
				);
				OTHER_LDFLAGS = "-ObjC";
				PRODUCT_NAME = RNRecorder;
				SKIP_INSTALL = YES;
			};
			name = Debug;
		};
		D42CB3671B2538DE00FD0AE2 /* Release */ = {
			isa = XCBuildConfiguration;
			buildSettings = {
				CODE_SIGN_IDENTITY = "iPhone Developer";
				HEADER_SEARCH_PATHS = (
					"$(inherited)",
					/Applications/Xcode.app/Contents/Developer/Toolchains/XcodeDefault.xctoolchain/usr/include,
					"$(SRCROOT)/../../react-native/React/**",
					"$(SRCROOT)/Libraries/**",
				);
				OTHER_LDFLAGS = "-ObjC";
				PRODUCT_NAME = RNRecorder;
				SKIP_INSTALL = YES;
			};
			name = Release;
		};
		D42CB3691B2538DE00FD0AE2 /* Debug */ = {
			isa = XCBuildConfiguration;
			buildSettings = {
				FRAMEWORK_SEARCH_PATHS = (
					"$(SDKROOT)/Developer/Library/Frameworks",
					"$(inherited)",
				);
				GCC_PREPROCESSOR_DEFINITIONS = (
					"DEBUG=1",
					"$(inherited)",
				);
				INFOPLIST_FILE = "react-native-recorderTests/Info.plist";
				LD_RUNPATH_SEARCH_PATHS = "$(inherited) @executable_path/Frameworks @loader_path/Frameworks";
				PRODUCT_NAME = RNRecorderTests;
			};
			name = Debug;
		};
		D42CB36A1B2538DE00FD0AE2 /* Release */ = {
			isa = XCBuildConfiguration;
			buildSettings = {
				FRAMEWORK_SEARCH_PATHS = (
					"$(SDKROOT)/Developer/Library/Frameworks",
					"$(inherited)",
				);
				INFOPLIST_FILE = "react-native-recorderTests/Info.plist";
				LD_RUNPATH_SEARCH_PATHS = "$(inherited) @executable_path/Frameworks @loader_path/Frameworks";
				PRODUCT_NAME = RNRecorderTests;
			};
			name = Release;
		};
/* End XCBuildConfiguration section */

/* Begin XCConfigurationList section */
		D42CB34C1B2538DE00FD0AE2 /* Build configuration list for PBXProject "RNRecorder" */ = {
			isa = XCConfigurationList;
			buildConfigurations = (
				D42CB3631B2538DE00FD0AE2 /* Debug */,
				D42CB3641B2538DE00FD0AE2 /* Release */,
			);
			defaultConfigurationIsVisible = 0;
			defaultConfigurationName = Release;
		};
		D42CB3651B2538DE00FD0AE2 /* Build configuration list for PBXNativeTarget "RNRecorder" */ = {
			isa = XCConfigurationList;
			buildConfigurations = (
				D42CB3661B2538DE00FD0AE2 /* Debug */,
				D42CB3671B2538DE00FD0AE2 /* Release */,
			);
			defaultConfigurationIsVisible = 0;
			defaultConfigurationName = Release;
		};
		D42CB3681B2538DE00FD0AE2 /* Build configuration list for PBXNativeTarget "RNRecorderTests" */ = {
			isa = XCConfigurationList;
			buildConfigurations = (
				D42CB3691B2538DE00FD0AE2 /* Debug */,
				D42CB36A1B2538DE00FD0AE2 /* Release */,
			);
			defaultConfigurationIsVisible = 0;
			defaultConfigurationName = Release;
		};
/* End XCConfigurationList section */
	};
	rootObject = D42CB3491B2538DE00FD0AE2 /* Project object */;
}
